
Microsoft Visual Studio Solution File, Format Version 12.00
# Visual Studio 2015
Project("{FAE04EC0-301F-11D3-BF4B-00C04F79EFBC}") = "Thrive.CSharp.Plugins", "Thrive.CSharp.Plugins.csproj", "{57184992-CC7B-0F2C-887C-57877BADEACF}"
EndProject
Project("{FAE04EC0-301F-11D3-BF4B-00C04F79EFBC}") = "Thrive.CSharp", "Thrive.CSharp.csproj", "{20DBBEF8-0BA6-F0C6-2453-EF4A120855CA}"
EndProject
Project("{FAE04EC0-301F-11D3-BF4B-00C04F79EFBC}") = "Thrive.CSharp.Editor", "Thrive.CSharp.Editor.csproj", "{A62DFC5A-BDA9-AB53-0860-937BAA4624C3}"
EndProject
Global
	GlobalSection(SolutionConfigurationPlatforms) = preSolution
		Debug|Any CPU = Debug|Any CPU
		Release|Any CPU = Release|Any CPU
	EndGlobalSection
	GlobalSection(ProjectConfigurationPlatforms) = postSolution
		{57184992-CC7B-0F2C-887C-57877BADEACF}.Debug|Any CPU.ActiveCfg = Debug|Any CPU
		{57184992-CC7B-0F2C-887C-57877BADEACF}.Debug|Any CPU.Build.0 = Debug|Any CPU
		{57184992-CC7B-0F2C-887C-57877BADEACF}.Release|Any CPU.ActiveCfg = Release|Any CPU
		{57184992-CC7B-0F2C-887C-57877BADEACF}.Release|Any CPU.Build.0 = Release|Any CPU
		{20DBBEF8-0BA6-F0C6-2453-EF4A120855CA}.Debug|Any CPU.ActiveCfg = Debug|Any CPU
		{20DBBEF8-0BA6-F0C6-2453-EF4A120855CA}.Debug|Any CPU.Build.0 = Debug|Any CPU
		{20DBBEF8-0BA6-F0C6-2453-EF4A120855CA}.Release|Any CPU.ActiveCfg = Release|Any CPU
		{20DBBEF8-0BA6-F0C6-2453-EF4A120855CA}.Release|Any CPU.Build.0 = Release|Any CPU
		{A62DFC5A-BDA9-AB53-0860-937BAA4624C3}.Debug|Any CPU.ActiveCfg = Debug|Any CPU
		{A62DFC5A-BDA9-AB53-0860-937BAA4624C3}.Debug|Any CPU.Build.0 = Debug|Any CPU
		{A62DFC5A-BDA9-AB53-0860-937BAA4624C3}.Release|Any CPU.ActiveCfg = Release|Any CPU
		{A62DFC5A-BDA9-AB53-0860-937BAA4624C3}.Release|Any CPU.Build.0 = Release|Any CPU
	EndGlobalSection
	GlobalSection(SolutionProperties) = preSolution
		HideSolutionNode = FALSE
	EndGlobalSection
EndGlobal
