
Microsoft Visual Studio Solution File, Format Version 12.00
# Visual Studio 2015
Project("{FAE04EC0-301F-11D3-BF4B-00C04F79EFBC}") = "ThriveVR.CSharp.Plugins", "ThriveVR.CSharp.Plugins.csproj", "{C4EE2524-241D-9CB1-5EC8-F80C32F01D7F}"
EndProject
Project("{FAE04EC0-301F-11D3-BF4B-00C04F79EFBC}") = "ThriveVR.CSharp", "ThriveVR.CSharp.csproj", "{887E71C4-1AE2-5D71-EDE0-5ACD25CD3539}"
EndProject
Project("{FAE04EC0-301F-11D3-BF4B-00C04F79EFBC}") = "ThriveVR.CSharp.Editor", "ThriveVR.CSharp.Editor.csproj", "{582D0ADA-A9CF-93AC-9B8B-B51DDFED3A7F}"
EndProject
Global
	GlobalSection(SolutionConfigurationPlatforms) = preSolution
		Debug|Any CPU = Debug|Any CPU
		Release|Any CPU = Release|Any CPU
	EndGlobalSection
	GlobalSection(ProjectConfigurationPlatforms) = postSolution
		{C4EE2524-241D-9CB1-5EC8-F80C32F01D7F}.Debug|Any CPU.ActiveCfg = Debug|Any CPU
		{C4EE2524-241D-9CB1-5EC8-F80C32F01D7F}.Debug|Any CPU.Build.0 = Debug|Any CPU
		{C4EE2524-241D-9CB1-5EC8-F80C32F01D7F}.Release|Any CPU.ActiveCfg = Release|Any CPU
		{C4EE2524-241D-9CB1-5EC8-F80C32F01D7F}.Release|Any CPU.Build.0 = Release|Any CPU
		{887E71C4-1AE2-5D71-EDE0-5ACD25CD3539}.Debug|Any CPU.ActiveCfg = Debug|Any CPU
		{887E71C4-1AE2-5D71-EDE0-5ACD25CD3539}.Debug|Any CPU.Build.0 = Debug|Any CPU
		{887E71C4-1AE2-5D71-EDE0-5ACD25CD3539}.Release|Any CPU.ActiveCfg = Release|Any CPU
		{887E71C4-1AE2-5D71-EDE0-5ACD25CD3539}.Release|Any CPU.Build.0 = Release|Any CPU
		{582D0ADA-A9CF-93AC-9B8B-B51DDFED3A7F}.Debug|Any CPU.ActiveCfg = Debug|Any CPU
		{582D0ADA-A9CF-93AC-9B8B-B51DDFED3A7F}.Debug|Any CPU.Build.0 = Debug|Any CPU
		{582D0ADA-A9CF-93AC-9B8B-B51DDFED3A7F}.Release|Any CPU.ActiveCfg = Release|Any CPU
		{582D0ADA-A9CF-93AC-9B8B-B51DDFED3A7F}.Release|Any CPU.Build.0 = Release|Any CPU
	EndGlobalSection
	GlobalSection(SolutionProperties) = preSolution
		HideSolutionNode = FALSE
	EndGlobalSection
EndGlobal
